// !$*UTF8*$!
{
	archiveVersion = 1;
	classes = {
	};
	objectVersion = 48;
	objects = {

/* Begin PBXBuildFile section */
		57B860241FBCF7EF009D1147 /* AppDelegate.swift in Sources */ = {isa = PBXBuildFile; fileRef = 57B860231FBCF7EF009D1147 /* AppDelegate.swift */; };
		57B860261FBCF7EF009D1147 /* ViewController.swift in Sources */ = {isa = PBXBuildFile; fileRef = 57B860251FBCF7EF009D1147 /* ViewController.swift */; };
		57B860291FBCF7EF009D1147 /* Main.storyboard in Resources */ = {isa = PBXBuildFile; fileRef = 57B860271FBCF7EF009D1147 /* Main.storyboard */; };
		57B8602C1FBCF7EF009D1147 /* Swoosh.xcdatamodeld in Sources */ = {isa = PBXBuildFile; fileRef = 57B8602A1FBCF7EF009D1147 /* Swoosh.xcdatamodeld */; };
		57B8602E1FBCF7EF009D1147 /* Assets.xcassets in Resources */ = {isa = PBXBuildFile; fileRef = 57B8602D1FBCF7EF009D1147 /* Assets.xcassets */; };
		57B860311FBCF7EF009D1147 /* LaunchScreen.storyboard in Resources */ = {isa = PBXBuildFile; fileRef = 57B8602F1FBCF7EF009D1147 /* LaunchScreen.storyboard */; };
		57B8603C1FBCF7F0009D1147 /* SwooshTests.swift in Sources */ = {isa = PBXBuildFile; fileRef = 57B8603B1FBCF7F0009D1147 /* SwooshTests.swift */; };
		57B860471FBCF7F0009D1147 /* SwooshUITests.swift in Sources */ = {isa = PBXBuildFile; fileRef = 57B860461FBCF7F0009D1147 /* SwooshUITests.swift */; };
/* End PBXBuildFile section */

/* Begin PBXContainerItemProxy section */
		57B860381FBCF7F0009D1147 /* PBXContainerItemProxy */ = {
			isa = PBXContainerItemProxy;
			containerPortal = 57B860181FBCF7EF009D1147 /* Project object */;
			proxyType = 1;
			remoteGlobalIDString = 57B8601F1FBCF7EF009D1147;
			remoteInfo = Swoosh;
		};
		57B860431FBCF7F0009D1147 /* PBXContainerItemProxy */ = {
			isa = PBXContainerItemProxy;
			containerPortal = 57B860181FBCF7EF009D1147 /* Project object */;
			proxyType = 1;
			remoteGlobalIDString = 57B8601F1FBCF7EF009D1147;
			remoteInfo = Swoosh;
		};
/* End PBXContainerItemProxy section */

/* Begin PBXFileReference section */
		57B860201FBCF7EF009D1147 /* Swoosh.app */ = {isa = PBXFileReference; explicitFileType = wrapper.application; includeInIndex = 0; path = Swoosh.app; sourceTree = BUILT_PRODUCTS_DIR; };
		57B860231FBCF7EF009D1147 /* AppDelegate.swift */ = {isa = PBXFileReference; lastKnownFileType = sourcecode.swift; path = AppDelegate.swift; sourceTree = "<group>"; };
		57B860251FBCF7EF009D1147 /* ViewController.swift */ = {isa = PBXFileReference; lastKnownFileType = sourcecode.swift; path = ViewController.swift; sourceTree = "<group>"; };
		57B860281FBCF7EF009D1147 /* Base */ = {isa = PBXFileReference; lastKnownFileType = file.storyboard; name = Base; path = Base.lproj/Main.storyboard; sourceTree = "<group>"; };
		57B8602B1FBCF7EF009D1147 /* Swoosh.xcdatamodel */ = {isa = PBXFileReference; lastKnownFileType = wrapper.xcdatamodel; path = Swoosh.xcdatamodel; sourceTree = "<group>"; };
		57B8602D1FBCF7EF009D1147 /* Assets.xcassets */ = {isa = PBXFileReference; lastKnownFileType = folder.assetcatalog; path = Assets.xcassets; sourceTree = "<group>"; };
		57B860301FBCF7EF009D1147 /* Base */ = {isa = PBXFileReference; lastKnownFileType = file.storyboard; name = Base; path = Base.lproj/LaunchScreen.storyboard; sourceTree = "<group>"; };
		57B860321FBCF7EF009D1147 /* Info.plist */ = {isa = PBXFileReference; lastKnownFileType = text.plist.xml; path = Info.plist; sourceTree = "<group>"; };
		57B860371FBCF7F0009D1147 /* SwooshTests.xctest */ = {isa = PBXFileReference; explicitFileType = wrapper.cfbundle; includeInIndex = 0; path = SwooshTests.xctest; sourceTree = BUILT_PRODUCTS_DIR; };
		57B8603B1FBCF7F0009D1147 /* SwooshTests.swift */ = {isa = PBXFileReference; lastKnownFileType = sourcecode.swift; path = SwooshTests.swift; sourceTree = "<group>"; };
		57B8603D1FBCF7F0009D1147 /* Info.plist */ = {isa = PBXFileReference; lastKnownFileType = text.plist.xml; path = Info.plist; sourceTree = "<group>"; };
		57B860421FBCF7F0009D1147 /* SwooshUITests.xctest */ = {isa = PBXFileReference; explicitFileType = wrapper.cfbundle; includeInIndex = 0; path = SwooshUITests.xctest; sourceTree = BUILT_PRODUCTS_DIR; };
		57B860461FBCF7F0009D1147 /* SwooshUITests.swift */ = {isa = PBXFileReference; lastKnownFileType = sourcecode.swift; path = SwooshUITests.swift; sourceTree = "<group>"; };
		57B860481FBCF7F0009D1147 /* Info.plist */ = {isa = PBXFileReference; lastKnownFileType = text.plist.xml; path = Info.plist; sourceTree = "<group>"; };
/* End PBXFileReference section */

/* Begin PBXFrameworksBuildPhase section */
		57B8601D1FBCF7EF009D1147 /* Frameworks */ = {
			isa = PBXFrameworksBuildPhase;
			buildActionMask = 2147483647;
			files = (
			);
			runOnlyForDeploymentPostprocessing = 0;
		};
		57B860341FBCF7F0009D1147 /* Frameworks */ = {
			isa = PBXFrameworksBuildPhase;
			buildActionMask = 2147483647;
			files = (
			);
			runOnlyForDeploymentPostprocessing = 0;
		};
		57B8603F1FBCF7F0009D1147 /* Frameworks */ = {
			isa = PBXFrameworksBuildPhase;
			buildActionMask = 2147483647;
			files = (
			);
			runOnlyForDeploymentPostprocessing = 0;
		};
/* End PBXFrameworksBuildPhase section */

/* Begin PBXGroup section */
		57B860171FBCF7EF009D1147 = {
			isa = PBXGroup;
			children = (
				57B860221FBCF7EF009D1147 /* Swoosh */,
				57B8603A1FBCF7F0009D1147 /* SwooshTests */,
				57B860451FBCF7F0009D1147 /* SwooshUITests */,
				57B860211FBCF7EF009D1147 /* Products */,
			);
			sourceTree = "<group>";
		};
		57B860211FBCF7EF009D1147 /* Products */ = {
			isa = PBXGroup;
			children = (
				57B860201FBCF7EF009D1147 /* Swoosh.app */,
				57B860371FBCF7F0009D1147 /* SwooshTests.xctest */,
				57B860421FBCF7F0009D1147 /* SwooshUITests.xctest */,
			);
			name = Products;
			sourceTree = "<group>";
		};
		57B860221FBCF7EF009D1147 /* Swoosh */ = {
			isa = PBXGroup;
			children = (
				57B860231FBCF7EF009D1147 /* AppDelegate.swift */,
				57B860251FBCF7EF009D1147 /* ViewController.swift */,
				57B860271FBCF7EF009D1147 /* Main.storyboard */,
				57B8602D1FBCF7EF009D1147 /* Assets.xcassets */,
				57B8602F1FBCF7EF009D1147 /* LaunchScreen.storyboard */,
				57B860321FBCF7EF009D1147 /* Info.plist */,
				57B8602A1FBCF7EF009D1147 /* Swoosh.xcdatamodeld */,
			);
			path = Swoosh;
			sourceTree = "<group>";
		};
		57B8603A1FBCF7F0009D1147 /* SwooshTests */ = {
			isa = PBXGroup;
			children = (
				57B8603B1FBCF7F0009D1147 /* SwooshTests.swift */,
				57B8603D1FBCF7F0009D1147 /* Info.plist */,
			);
			path = SwooshTests;
			sourceTree = "<group>";
		};
		57B860451FBCF7F0009D1147 /* SwooshUITests */ = {
			isa = PBXGroup;
			children = (
				57B860461FBCF7F0009D1147 /* SwooshUITests.swift */,
				57B860481FBCF7F0009D1147 /* Info.plist */,
			);
			path = SwooshUITests;
			sourceTree = "<group>";
		};
/* End PBXGroup section */

/* Begin PBXNativeTarget section */
		57B8601F1FBCF7EF009D1147 /* Swoosh */ = {
			isa = PBXNativeTarget;
			buildConfigurationList = 57B8604B1FBCF7F0009D1147 /* Build configuration list for PBXNativeTarget "Swoosh" */;
			buildPhases = (
				57B8601C1FBCF7EF009D1147 /* Sources */,
				57B8601D1FBCF7EF009D1147 /* Frameworks */,
				57B8601E1FBCF7EF009D1147 /* Resources */,
			);
			buildRules = (
			);
			dependencies = (
			);
			name = Swoosh;
			productName = Swoosh;
			productReference = 57B860201FBCF7EF009D1147 /* Swoosh.app */;
			productType = "com.apple.product-type.application";
		};
		57B860361FBCF7F0009D1147 /* SwooshTests */ = {
			isa = PBXNativeTarget;
			buildConfigurationList = 57B8604E1FBCF7F0009D1147 /* Build configuration list for PBXNativeTarget "SwooshTests" */;
			buildPhases = (
				57B860331FBCF7F0009D1147 /* Sources */,
				57B860341FBCF7F0009D1147 /* Frameworks */,
				57B860351FBCF7F0009D1147 /* Resources */,
			);
			buildRules = (
			);
			dependencies = (
				57B860391FBCF7F0009D1147 /* PBXTargetDependency */,
			);
			name = SwooshTests;
			productName = SwooshTests;
			productReference = 57B860371FBCF7F0009D1147 /* SwooshTests.xctest */;
			productType = "com.apple.product-type.bundle.unit-test";
		};
		57B860411FBCF7F0009D1147 /* SwooshUITests */ = {
			isa = PBXNativeTarget;
			buildConfigurationList = 57B860511FBCF7F0009D1147 /* Build configuration list for PBXNativeTarget "SwooshUITests" */;
			buildPhases = (
				57B8603E1FBCF7F0009D1147 /* Sources */,
				57B8603F1FBCF7F0009D1147 /* Frameworks */,
				57B860401FBCF7F0009D1147 /* Resources */,
			);
			buildRules = (
			);
			dependencies = (
				57B860441FBCF7F0009D1147 /* PBXTargetDependency */,
			);
			name = SwooshUITests;
			productName = SwooshUITests;
			productReference = 57B860421FBCF7F0009D1147 /* SwooshUITests.xctest */;
			productType = "com.apple.product-type.bundle.ui-testing";
		};
/* End PBXNativeTarget section */

/* Begin PBXProject section */
		57B860181FBCF7EF009D1147 /* Project object */ = {
			isa = PBXProject;
			attributes = {
				LastSwiftUpdateCheck = 0910;
				LastUpgradeCheck = 0910;
				ORGANIZATIONNAME = "Nicholas Brewster";
				TargetAttributes = {
					57B8601F1FBCF7EF009D1147 = {
						CreatedOnToolsVersion = 9.1;
						ProvisioningStyle = Automatic;
					};
					57B860361FBCF7F0009D1147 = {
						CreatedOnToolsVersion = 9.1;
						ProvisioningStyle = Automatic;
						TestTargetID = 57B8601F1FBCF7EF009D1147;
					};
					57B860411FBCF7F0009D1147 = {
						CreatedOnToolsVersion = 9.1;
						ProvisioningStyle = Automatic;
						TestTargetID = 57B8601F1FBCF7EF009D1147;
					};
				};
			};
			buildConfigurationList = 57B8601B1FBCF7EF009D1147 /* Build configuration list for PBXProject "Swoosh" */;
			compatibilityVersion = "Xcode 8.0";
			developmentRegion = en;
			hasScannedForEncodings = 0;
			knownRegions = (
				en,
				Base,
			);
			mainGroup = 57B860171FBCF7EF009D1147;
			productRefGroup = 57B860211FBCF7EF009D1147 /* Products */;
			projectDirPath = "";
			projectRoot = "";
			targets = (
				57B8601F1FBCF7EF009D1147 /* Swoosh */,
				57B860361FBCF7F0009D1147 /* SwooshTests */,
				57B860411FBCF7F0009D1147 /* SwooshUITests */,
			);
		};
/* End PBXProject section */

/* Begin PBXResourcesBuildPhase section */
		57B8601E1FBCF7EF009D1147 /* Resources */ = {
			isa = PBXResourcesBuildPhase;
			buildActionMask = 2147483647;
			files = (
				57B860311FBCF7EF009D1147 /* LaunchScreen.storyboard in Resources */,
				57B8602E1FBCF7EF009D1147 /* Assets.xcassets in Resources */,
				57B860291FBCF7EF009D1147 /* Main.storyboard in Resources */,
			);
			runOnlyForDeploymentPostprocessing = 0;
		};
		57B860351FBCF7F0009D1147 /* Resources */ = {
			isa = PBXResourcesBuildPhase;
			buildActionMask = 2147483647;
			files = (
			);
			runOnlyForDeploymentPostprocessing = 0;
		};
		57B860401FBCF7F0009D1147 /* Resources */ = {
			isa = PBXResourcesBuildPhase;
			buildActionMask = 2147483647;
			files = (
			);
			runOnlyForDeploymentPostprocessing = 0;
		};
/* End PBXResourcesBuildPhase section */

/* Begin PBXSourcesBuildPhase section */
		57B8601C1FBCF7EF009D1147 /* Sources */ = {
			isa = PBXSourcesBuildPhase;
			buildActionMask = 2147483647;
			files = (
				57B860261FBCF7EF009D1147 /* ViewController.swift in Sources */,
				57B8602C1FBCF7EF009D1147 /* Swoosh.xcdatamodeld in Sources */,
				57B860241FBCF7EF009D1147 /* AppDelegate.swift in Sources */,
			);
			runOnlyForDeploymentPostprocessing = 0;
		};
		57B860331FBCF7F0009D1147 /* Sources */ = {
			isa = PBXSourcesBuildPhase;
			buildActionMask = 2147483647;
			files = (
				57B8603C1FBCF7F0009D1147 /* SwooshTests.swift in Sources */,
			);
			runOnlyForDeploymentPostprocessing = 0;
		};
		57B8603E1FBCF7F0009D1147 /* Sources */ = {
			isa = PBXSourcesBuildPhase;
			buildActionMask = 2147483647;
			files = (
				57B860471FBCF7F0009D1147 /* SwooshUITests.swift in Sources */,
			);
			runOnlyForDeploymentPostprocessing = 0;
		};
/* End PBXSourcesBuildPhase section */

/* Begin PBXTargetDependency section */
		57B860391FBCF7F0009D1147 /* PBXTargetDependency */ = {
			isa = PBXTargetDependency;
			target = 57B8601F1FBCF7EF009D1147 /* Swoosh */;
			targetProxy = 57B860381FBCF7F0009D1147 /* PBXContainerItemProxy */;
		};
		57B860441FBCF7F0009D1147 /* PBXTargetDependency */ = {
			isa = PBXTargetDependency;
			target = 57B8601F1FBCF7EF009D1147 /* Swoosh */;
			targetProxy = 57B860431FBCF7F0009D1147 /* PBXContainerItemProxy */;
		};
/* End PBXTargetDependency section */

/* Begin PBXVariantGroup section */
		57B860271FBCF7EF009D1147 /* Main.storyboard */ = {
			isa = PBXVariantGroup;
			children = (
				57B860281FBCF7EF009D1147 /* Base */,
			);
			name = Main.storyboard;
			sourceTree = "<group>";
		};
		57B8602F1FBCF7EF009D1147 /* LaunchScreen.storyboard */ = {
			isa = PBXVariantGroup;
			children = (
				57B860301FBCF7EF009D1147 /* Base */,
			);
			name = LaunchScreen.storyboard;
			sourceTree = "<group>";
		};
/* End PBXVariantGroup section */

/* Begin XCBuildConfiguration section */
		57B860491FBCF7F0009D1147 /* Debug */ = {
			isa = XCBuildConfiguration;
			buildSettings = {
				ALWAYS_SEARCH_USER_PATHS = NO;
				CLANG_ANALYZER_NONNULL = YES;
				CLANG_ANALYZER_NUMBER_OBJECT_CONVERSION = YES_AGGRESSIVE;
				CLANG_CXX_LANGUAGE_STANDARD = "gnu++14";
				CLANG_CXX_LIBRARY = "libc++";
				CLANG_ENABLE_MODULES = YES;
				CLANG_ENABLE_OBJC_ARC = YES;
				CLANG_WARN_BLOCK_CAPTURE_AUTORELEASING = YES;
				CLANG_WARN_BOOL_CONVERSION = YES;
				CLANG_WARN_COMMA = YES;
				CLANG_WARN_CONSTANT_CONVERSION = YES;
				CLANG_WARN_DIRECT_OBJC_ISA_USAGE = YES_ERROR;
				CLANG_WARN_DOCUMENTATION_COMMENTS = YES;
				CLANG_WARN_EMPTY_BODY = YES;
				CLANG_WARN_ENUM_CONVERSION = YES;
				CLANG_WARN_INFINITE_RECURSION = YES;
				CLANG_WARN_INT_CONVERSION = YES;
				CLANG_WARN_NON_LITERAL_NULL_CONVERSION = YES;
				CLANG_WARN_OBJC_LITERAL_CONVERSION = YES;
				CLANG_WARN_OBJC_ROOT_CLASS = YES_ERROR;
				CLANG_WARN_RANGE_LOOP_ANALYSIS = YES;
				CLANG_WARN_STRICT_PROTOTYPES = YES;
				CLANG_WARN_SUSPICIOUS_MOVE = YES;
				CLANG_WARN_UNGUARDED_AVAILABILITY = YES_AGGRESSIVE;
				CLANG_WARN_UNREACHABLE_CODE = YES;
				CLANG_WARN__DUPLICATE_METHOD_MATCH = YES;
				CODE_SIGN_IDENTITY = "iPhone Developer";
				COPY_PHASE_STRIP = NO;
				DEBUG_INFORMATION_FORMAT = dwarf;
				ENABLE_STRICT_OBJC_MSGSEND = YES;
				ENABLE_TESTABILITY = YES;
				GCC_C_LANGUAGE_STANDARD = gnu11;
				GCC_DYNAMIC_NO_PIC = NO;
				GCC_NO_COMMON_BLOCKS = YES;
				GCC_OPTIMIZATION_LEVEL = 0;
				GCC_PREPROCESSOR_DEFINITIONS = (
					"DEBUG=1",
					"$(inherited)",
				);
				GCC_WARN_64_TO_32_BIT_CONVERSION = YES;
				GCC_WARN_ABOUT_RETURN_TYPE = YES_ERROR;
				GCC_WARN_UNDECLARED_SELECTOR = YES;
				GCC_WARN_UNINITIALIZED_AUTOS = YES_AGGRESSIVE;
				GCC_WARN_UNUSED_FUNCTION = YES;
				GCC_WARN_UNUSED_VARIABLE = YES;
				IPHONEOS_DEPLOYMENT_TARGET = 11.1;
				MTL_ENABLE_DEBUG_INFO = YES;
				ONLY_ACTIVE_ARCH = YES;
				SDKROOT = iphoneos;
				SWIFT_ACTIVE_COMPILATION_CONDITIONS = DEBUG;
				SWIFT_OPTIMIZATION_LEVEL = "-Onone";
			};
			name = Debug;
		};
		57B8604A1FBCF7F0009D1147 /* Release */ = {
			isa = XCBuildConfiguration;
			buildSettings = {
				ALWAYS_SEARCH_USER_PATHS = NO;
				CLANG_ANALYZER_NONNULL = YES;
				CLANG_ANALYZER_NUMBER_OBJECT_CONVERSION = YES_AGGRESSIVE;
				CLANG_CXX_LANGUAGE_STANDARD = "gnu++14";
				CLANG_CXX_LIBRARY = "libc++";
				CLANG_ENABLE_MODULES = YES;
				CLANG_ENABLE_OBJC_ARC = YES;
				CLANG_WARN_BLOCK_CAPTURE_AUTORELEASING = YES;
				CLANG_WARN_BOOL_CONVERSION = YES;
				CLANG_WARN_COMMA = YES;
				CLANG_WARN_CONSTANT_CONVERSION = YES;
				CLANG_WARN_DIRECT_OBJC_ISA_USAGE = YES_ERROR;
				CLANG_WARN_DOCUMENTATION_COMMENTS = YES;
				CLANG_WARN_EMPTY_BODY = YES;
				CLANG_WARN_ENUM_CONVERSION = YES;
				CLANG_WARN_INFINITE_RECURSION = YES;
				CLANG_WARN_INT_CONVERSION = YES;
				CLANG_WARN_NON_LITERAL_NULL_CONVERSION = YES;
				CLANG_WARN_OBJC_LITERAL_CONVERSION = YES;
				CLANG_WARN_OBJC_ROOT_CLASS = YES_ERROR;
				CLANG_WARN_RANGE_LOOP_ANALYSIS = YES;
				CLANG_WARN_STRICT_PROTOTYPES = YES;
				CLANG_WARN_SUSPICIOUS_MOVE = YES;
				CLANG_WARN_UNGUARDED_AVAILABILITY = YES_AGGRESSIVE;
				CLANG_WARN_UNREACHABLE_CODE = YES;
				CLANG_WARN__DUPLICATE_METHOD_MATCH = YES;
				CODE_SIGN_IDENTITY = "iPhone Developer";
				COPY_PHASE_STRIP = NO;
				DEBUG_INFORMATION_FORMAT = "dwarf-with-dsym";
				ENABLE_NS_ASSERTIONS = NO;
				ENABLE_STRICT_OBJC_MSGSEND = YES;
				GCC_C_LANGUAGE_STANDARD = gnu11;
				GCC_NO_COMMON_BLOCKS = YES;
				GCC_WARN_64_TO_32_BIT_CONVERSION = YES;
				GCC_WARN_ABOUT_RETURN_TYPE = YES_ERROR;
				GCC_WARN_UNDECLARED_SELECTOR = YES;
				GCC_WARN_UNINITIALIZED_AUTOS = YES_AGGRESSIVE;
				GCC_WARN_UNUSED_FUNCTION = YES;
				GCC_WARN_UNUSED_VARIABLE = YES;
				IPHONEOS_DEPLOYMENT_TARGET = 11.1;
				MTL_ENABLE_DEBUG_INFO = NO;
				SDKROOT = iphoneos;
				SWIFT_OPTIMIZATION_LEVEL = "-Owholemodule";
				VALIDATE_PRODUCT = YES;
			};
			name = Release;
		};
		57B8604C1FBCF7F0009D1147 /* Debug */ = {
			isa = XCBuildConfiguration;
			buildSettings = {
				ASSETCATALOG_COMPILER_APPICON_NAME = AppIcon;
				CODE_SIGN_STYLE = Automatic;
				DEVELOPMENT_TEAM = 75LDYML5T2;
				INFOPLIST_FILE = Swoosh/Info.plist;
				LD_RUNPATH_SEARCH_PATHS = "$(inherited) @executable_path/Frameworks";
				PRODUCT_BUNDLE_IDENTIFIER = com.jelatin.Swoosh;
				PRODUCT_NAME = "$(TARGET_NAME)";
				SWIFT_VERSION = 4.0;
				TARGETED_DEVICE_FAMILY = "1,2";
			};
			name = Debug;
		};
		57B8604D1FBCF7F0009D1147 /* Release */ = {
			isa = XCBuildConfiguration;
			buildSettings = {
				ASSETCATALOG_COMPILER_APPICON_NAME = AppIcon;
				CODE_SIGN_STYLE = Automatic;
				DEVELOPMENT_TEAM = 75LDYML5T2;
				INFOPLIST_FILE = Swoosh/Info.plist;
				LD_RUNPATH_SEARCH_PATHS = "$(inherited) @executable_path/Frameworks";
				PRODUCT_BUNDLE_IDENTIFIER = com.jelatin.Swoosh;
				PRODUCT_NAME = "$(TARGET_NAME)";
				SWIFT_VERSION = 4.0;
				TARGETED_DEVICE_FAMILY = "1,2";
			};
			name = Release;
		};
		57B8604F1FBCF7F0009D1147 /* Debug */ = {
			isa = XCBuildConfiguration;
			buildSettings = {
				ALWAYS_EMBED_SWIFT_STANDARD_LIBRARIES = YES;
				BUNDLE_LOADER = "$(TEST_HOST)";
				CODE_SIGN_STYLE = Automatic;
				DEVELOPMENT_TEAM = 75LDYML5T2;
				INFOPLIST_FILE = SwooshTests/Info.plist;
				LD_RUNPATH_SEARCH_PATHS = "$(inherited) @executable_path/Frameworks @loader_path/Frameworks";
				PRODUCT_BUNDLE_IDENTIFIER = com.jelatin.SwooshTests;
				PRODUCT_NAME = "$(TARGET_NAME)";
				SWIFT_VERSION = 4.0;
				TARGETED_DEVICE_FAMILY = "1,2";
				TEST_HOST = "$(BUILT_PRODUCTS_DIR)/Swoosh.app/Swoosh";
			};
			name = Debug;
		};
		57B860501FBCF7F0009D1147 /* Release */ = {
			isa = XCBuildConfiguration;
			buildSettings = {
				ALWAYS_EMBED_SWIFT_STANDARD_LIBRARIES = YES;
				BUNDLE_LOADER = "$(TEST_HOST)";
				CODE_SIGN_STYLE = Automatic;
				DEVELOPMENT_TEAM = 75LDYML5T2;
				INFOPLIST_FILE = SwooshTests/Info.plist;
				LD_RUNPATH_SEARCH_PATHS = "$(inherited) @executable_path/Frameworks @loader_path/Frameworks";
				PRODUCT_BUNDLE_IDENTIFIER = com.jelatin.SwooshTests;
				PRODUCT_NAME = "$(TARGET_NAME)";
				SWIFT_VERSION = 4.0;
				TARGETED_DEVICE_FAMILY = "1,2";
				TEST_HOST = "$(BUILT_PRODUCTS_DIR)/Swoosh.app/Swoosh";
			};
			name = Release;
		};
		57B860521FBCF7F0009D1147 /* Debug */ = {
			isa = XCBuildConfiguration;
			buildSettings = {
				ALWAYS_EMBED_SWIFT_STANDARD_LIBRARIES = YES;
				CODE_SIGN_STYLE = Automatic;
				DEVELOPMENT_TEAM = 75LDYML5T2;
				INFOPLIST_FILE = SwooshUITests/Info.plist;
				LD_RUNPATH_SEARCH_PATHS = "$(inherited) @executable_path/Frameworks @loader_path/Frameworks";
				PRODUCT_BUNDLE_IDENTIFIER = com.jelatin.SwooshUITests;
				PRODUCT_NAME = "$(TARGET_NAME)";
				SWIFT_VERSION = 4.0;
				TARGETED_DEVICE_FAMILY = "1,2";
				TEST_TARGET_NAME = Swoosh;
			};
			name = Debug;
		};
		57B860531FBCF7F0009D1147 /* Release */ = {
			isa = XCBuildConfiguration;
			buildSettings = {
				ALWAYS_EMBED_SWIFT_STANDARD_LIBRARIES = YES;
				CODE_SIGN_STYLE = Automatic;
				DEVELOPMENT_TEAM = 75LDYML5T2;
				INFOPLIST_FILE = SwooshUITests/Info.plist;
				LD_RUNPATH_SEARCH_PATHS = "$(inherited) @executable_path/Frameworks @loader_path/Frameworks";
				PRODUCT_BUNDLE_IDENTIFIER = com.jelatin.SwooshUITests;
				PRODUCT_NAME = "$(TARGET_NAME)";
				SWIFT_VERSION = 4.0;
				TARGETED_DEVICE_FAMILY = "1,2";
				TEST_TARGET_NAME = Swoosh;
			};
			name = Release;
		};
/* End XCBuildConfiguration section */

/* Begin XCConfigurationList section */
		57B8601B1FBCF7EF009D1147 /* Build configuration list for PBXProject "Swoosh" */ = {
			isa = XCConfigurationList;
			buildConfigurations = (
				57B860491FBCF7F0009D1147 /* Debug */,
				57B8604A1FBCF7F0009D1147 /* Release */,
			);
			defaultConfigurationIsVisible = 0;
			defaultConfigurationName = Release;
		};
		57B8604B1FBCF7F0009D1147 /* Build configuration list for PBXNativeTarget "Swoosh" */ = {
			isa = XCConfigurationList;
			buildConfigurations = (
				57B8604C1FBCF7F0009D1147 /* Debug */,
				57B8604D1FBCF7F0009D1147 /* Release */,
			);
			defaultConfigurationIsVisible = 0;
			defaultConfigurationName = Release;
		};
		57B8604E1FBCF7F0009D1147 /* Build configuration list for PBXNativeTarget "SwooshTests" */ = {
			isa = XCConfigurationList;
			buildConfigurations = (
				57B8604F1FBCF7F0009D1147 /* Debug */,
				57B860501FBCF7F0009D1147 /* Release */,
			);
			defaultConfigurationIsVisible = 0;
			defaultConfigurationName = Release;
		};
		57B860511FBCF7F0009D1147 /* Build configuration list for PBXNativeTarget "SwooshUITests" */ = {
			isa = XCConfigurationList;
			buildConfigurations = (
				57B860521FBCF7F0009D1147 /* Debug */,
				57B860531FBCF7F0009D1147 /* Release */,
			);
			defaultConfigurationIsVisible = 0;
			defaultConfigurationName = Release;
		};
/* End XCConfigurationList section */

/* Begin XCVersionGroup section */
		57B8602A1FBCF7EF009D1147 /* Swoosh.xcdatamodeld */ = {
			isa = XCVersionGroup;
			children = (
				57B8602B1FBCF7EF009D1147 /* Swoosh.xcdatamodel */,
			);
			currentVersion = 57B8602B1FBCF7EF009D1147 /* Swoosh.xcdatamodel */;
			path = Swoosh.xcdatamodeld;
			sourceTree = "<group>";
			versionGroupType = wrapper.xcdatamodel;
		};
/* End XCVersionGroup section */
	};
	rootObject = 57B860181FBCF7EF009D1147 /* Project object */;
}
